
Microsoft Visual Studio Solution File, Format Version 12.00
# Visual Studio Version 16
VisualStudioVersion = 16.0.33423.256
MinimumVisualStudioVersion = 10.0.40219.1
Project("{FAE04EC0-301F-11D3-BF4B-00C04F79EFBC}") = "Week5Lab", "Week5Lab\Week5Lab.csproj", "{C3415C92-C91C-458E-83EA-F356F849E965}"
EndProject
Global
	GlobalSection(SolutionConfigurationPlatforms) = preSolution
		Debug|Any CPU = Debug|Any CPU
		Release|Any CPU = Release|Any CPU
	EndGlobalSection
	GlobalSection(ProjectConfigurationPlatforms) = postSolution
		{C3415C92-C91C-458E-83EA-F356F849E965}.Debug|Any CPU.ActiveCfg = Debug|Any CPU
		{C3415C92-C91C-458E-83EA-F356F849E965}.Debug|Any CPU.Build.0 = Debug|Any CPU
		{C3415C92-C91C-458E-83EA-F356F849E965}.Release|Any CPU.ActiveCfg = Release|Any CPU
		{C3415C92-C91C-458E-83EA-F356F849E965}.Release|Any CPU.Build.0 = Release|Any CPU
	EndGlobalSection
	GlobalSection(SolutionProperties) = preSolution
		HideSolutionNode = FALSE
	EndGlobalSection
	GlobalSection(ExtensibilityGlobals) = postSolution
		SolutionGuid = {1E381731-3ABB-4BD3-BF15-4ABE69B3CC43}
	EndGlobalSection
EndGlobal
